{
  "version": 4,
  "terraform_version": "1.7.5",
  "serial": 135,
  "lineage": "ab02368d-6e11-390f-45d1-21eced355743",
  "outputs": {
    "app_url": {
      "value": "auth--yrotiqk.nicesea-1cac98bd.westeurope.azurecontainerapps.io",
      "type": "string"
    }
  },
  "resources": [
    {
      "mode": "data",
      "type": "azurerm_client_config",
      "name": "current",
      "provider": "provider[\"registry.terraform.io/hashicorp/azurerm\"]",
      "instances": [
        {
          "schema_version": 0,
          "attributes": {
            "client_id": "0cb15086-3fbc-4228-8b15-0ed4a10fba62",
            "id": "Y2xpZW50Q29uZmlncy9jbGllbnRJZD0wY2IxNTA4Ni0zZmJjLTQyMjgtOGIxNS0wZWQ0YTEwZmJhNjI7b2JqZWN0SWQ9NzYxMGMwOGQtYzhmNS00MGNmLWJmN2YtZWRjNTY0NjJhZDdkO3N1YnNjcmlwdGlvbklkPTNmY2E0NTM4LTIzZmEtNDg1My05NGJkLTYwNDM3OGZiYmIyYjt0ZW5hbnRJZD1iZjBjMDZjMi02YWE3LTRhYmUtOTczMi1jZTliMmIzYzcyNjQ=",
            "object_id": "7610c08d-c8f5-40cf-bf7f-edc56462ad7d",
            "subscription_id": "3fca4538-23fa-4853-94bd-604378fbbb2b",
            "tenant_id": "bf0c06c2-6aa7-4abe-9732-ce9b2b3c7264",
            "timeouts": null
          },
          "sensitive_attributes": []
        }
      ]
    },
    {
      "mode": "managed",
      "type": "azurerm_container_app",
      "name": "aca_auth_app",
      "provider": "provider[\"registry.terraform.io/hashicorp/azurerm\"]",
      "instances": [
        {
          "schema_version": 0,
          "attributes": {
            "container_app_environment_id": "/subscriptions/3fca4538-23fa-4853-94bd-604378fbbb2b/resourceGroups/ticketing-rg/providers/Microsoft.App/managedEnvironments/test",
            "custom_domain_verification_id": "7D92DFF06932B3A53E456D94DE7F756B4669D5174C235D924C0AE630EFDB2061",
            "dapr": [],
            "id": "/subscriptions/3fca4538-23fa-4853-94bd-604378fbbb2b/resourceGroups/ticketing-rg/providers/Microsoft.App/containerApps/auth",
            "identity": [
              {
                "identity_ids": [
                  "/subscriptions/3fca4538-23fa-4853-94bd-604378fbbb2b/resourceGroups/ticketing-rg/providers/Microsoft.ManagedIdentity/userAssignedIdentities/ticketing-identity"
                ],
                "principal_id": "",
                "tenant_id": "",
                "type": "UserAssigned"
              }
            ],
            "ingress": [
              {
                "allow_insecure_connections": false,
                "custom_domain": [],
                "exposed_port": 0,
                "external_enabled": true,
                "fqdn": "auth.nicesea-1cac98bd.westeurope.azurecontainerapps.io",
                "ip_security_restriction": [],
                "target_port": 5000,
                "traffic_weight": [
                  {
                    "label": "",
                    "latest_revision": true,
                    "percentage": 100,
                    "revision_suffix": ""
                  }
                ],
                "transport": "auto"
              }
            ],
            "latest_revision_fqdn": "auth--yrotiqk.nicesea-1cac98bd.westeurope.azurecontainerapps.io",
            "latest_revision_name": "auth--yrotiqk",
            "location": "westeurope",
            "name": "auth",
            "outbound_ip_addresses": [
              "108.141.182.178"
            ],
            "registry": [],
            "resource_group_name": "ticketing-rg",
            "revision_mode": "Single",
            "secret": [
              {
                "identity": "/subscriptions/3fca4538-23fa-4853-94bd-604378fbbb2b/resourceGroups/ticketing-rg/providers/Microsoft.ManagedIdentity/userAssignedIdentities/ticketing-identity",
                "key_vault_secret_id": "https://ticketing-app-key-vault.vault.azure.net/secrets/mongo-db-conn-str/ff992924dd3446c0b74b72f87572dbe5",
                "name": "mongo-db-conn-str",
                "value": ""
              }
            ],
            "tags": null,
            "template": [
              {
                "azure_queue_scale_rule": [],
                "container": [
                  {
                    "args": null,
                    "command": null,
                    "cpu": 0.25,
                    "env": [
                      {
                        "name": "mongo-db-conn-str",
                        "secret_name": "mongo-db-conn-str",
                        "value": ""
                      }
                    ],
                    "ephemeral_storage": "1Gi",
                    "image": "docker.io/vmittal26/auth:v1",
                    "liveness_probe": [],
                    "memory": "0.5Gi",
                    "name": "auth",
                    "readiness_probe": [],
                    "startup_probe": [],
                    "volume_mounts": []
                  }
                ],
                "custom_scale_rule": [],
                "http_scale_rule": [],
                "init_container": [],
                "max_replicas": 10,
                "min_replicas": 0,
                "revision_suffix": "",
                "tcp_scale_rule": [],
                "volume": []
              }
            ],
            "timeouts": null,
            "workload_profile_name": ""
          },
          "sensitive_attributes": [],
          "private": "eyJlMmJmYjczMC1lY2FhLTExZTYtOGY4OC0zNDM2M2JjN2M0YzAiOnsiY3JlYXRlIjoxODAwMDAwMDAwMDAwLCJkZWxldGUiOjE4MDAwMDAwMDAwMDAsInJlYWQiOjMwMDAwMDAwMDAwMCwidXBkYXRlIjoxODAwMDAwMDAwMDAwfX0=",
          "dependencies": [
            "azurerm_container_app_environment.aca_environment",
            "azurerm_key_vault.vault",
            "azurerm_key_vault_secret.secret",
            "azurerm_resource_group.rg",
            "azurerm_user_assigned_identity.identity",
            "data.azurerm_client_config.current"
          ]
        }
      ]
    },
    {
      "mode": "managed",
      "type": "azurerm_container_app_environment",
      "name": "aca_environment",
      "provider": "provider[\"registry.terraform.io/hashicorp/azurerm\"]",
      "instances": [
        {
          "schema_version": 0,
          "attributes": {
            "custom_domain_verification_id": "7D92DFF06932B3A53E456D94DE7F756B4669D5174C235D924C0AE630EFDB2061",
            "dapr_application_insights_connection_string": "",
            "default_domain": "nicesea-1cac98bd.westeurope.azurecontainerapps.io",
            "docker_bridge_cidr": "",
            "id": "/subscriptions/3fca4538-23fa-4853-94bd-604378fbbb2b/resourceGroups/ticketing-rg/providers/Microsoft.App/managedEnvironments/test",
            "infrastructure_resource_group_name": "",
            "infrastructure_subnet_id": "",
            "internal_load_balancer_enabled": false,
            "location": "westeurope",
            "log_analytics_workspace_id": "",
            "mutual_tls_enabled": false,
            "name": "test",
            "platform_reserved_cidr": "",
            "platform_reserved_dns_ip_address": "",
            "resource_group_name": "ticketing-rg",
            "static_ip_address": "108.141.176.47",
            "tags": null,
            "timeouts": null,
            "workload_profile": [],
            "zone_redundancy_enabled": false
          },
          "sensitive_attributes": [],
          "private": "eyJlMmJmYjczMC1lY2FhLTExZTYtOGY4OC0zNDM2M2JjN2M0YzAiOnsiY3JlYXRlIjoxODAwMDAwMDAwMDAwLCJkZWxldGUiOjE4MDAwMDAwMDAwMDAsInJlYWQiOjMwMDAwMDAwMDAwMCwidXBkYXRlIjoxODAwMDAwMDAwMDAwfX0=",
          "dependencies": [
            "azurerm_resource_group.rg",
            "azurerm_user_assigned_identity.identity"
          ]
        }
      ]
    },
    {
      "mode": "managed",
      "type": "azurerm_key_vault",
      "name": "vault",
      "provider": "provider[\"registry.terraform.io/hashicorp/azurerm\"]",
      "instances": [
        {
          "schema_version": 2,
          "attributes": {
            "access_policy": [
              {
                "application_id": "",
                "certificate_permissions": null,
                "key_permissions": null,
                "object_id": "ebf118f7-48f6-4dd6-b0a3-b35e0b95bdab",
                "secret_permissions": [
                  "Get",
                  "Set"
                ],
                "storage_permissions": [
                  "Get"
                ],
                "tenant_id": "bf0c06c2-6aa7-4abe-9732-ce9b2b3c7264"
              },
              {
                "application_id": "",
                "certificate_permissions": null,
                "key_permissions": [
                  "Get",
                  "Delete"
                ],
                "object_id": "7610c08d-c8f5-40cf-bf7f-edc56462ad7d",
                "secret_permissions": [
                  "Get",
                  "Set",
                  "List",
                  "Delete",
                  "Purge",
                  "Recover"
                ],
                "storage_permissions": [
                  "Get"
                ],
                "tenant_id": "bf0c06c2-6aa7-4abe-9732-ce9b2b3c7264"
              }
            ],
            "contact": [],
            "enable_rbac_authorization": false,
            "enabled_for_deployment": false,
            "enabled_for_disk_encryption": true,
            "enabled_for_template_deployment": false,
            "id": "/subscriptions/3fca4538-23fa-4853-94bd-604378fbbb2b/resourceGroups/ticketing-rg/providers/Microsoft.KeyVault/vaults/ticketing-app-key-vault",
            "location": "westeurope",
            "name": "ticketing-app-key-vault",
            "network_acls": [
              {
                "bypass": "AzureServices",
                "default_action": "Allow",
                "ip_rules": [],
                "virtual_network_subnet_ids": []
              }
            ],
            "public_network_access_enabled": true,
            "purge_protection_enabled": false,
            "resource_group_name": "ticketing-rg",
            "sku_name": "standard",
            "soft_delete_retention_days": 7,
            "tags": null,
            "tenant_id": "bf0c06c2-6aa7-4abe-9732-ce9b2b3c7264",
            "timeouts": null,
            "vault_uri": "https://ticketing-app-key-vault.vault.azure.net/"
          },
          "sensitive_attributes": [],
          "private": "eyJlMmJmYjczMC1lY2FhLTExZTYtOGY4OC0zNDM2M2JjN2M0YzAiOnsiY3JlYXRlIjoxODAwMDAwMDAwMDAwLCJkZWxldGUiOjE4MDAwMDAwMDAwMDAsInJlYWQiOjMwMDAwMDAwMDAwMCwidXBkYXRlIjoxODAwMDAwMDAwMDAwfSwic2NoZW1hX3ZlcnNpb24iOiIyIn0=",
          "dependencies": [
            "azurerm_resource_group.rg",
            "azurerm_user_assigned_identity.identity",
            "data.azurerm_client_config.current"
          ]
        }
      ]
    },
    {
      "mode": "managed",
      "type": "azurerm_key_vault_secret",
      "name": "secret",
      "provider": "provider[\"registry.terraform.io/hashicorp/azurerm\"]",
      "instances": [
        {
          "schema_version": 0,
          "attributes": {
            "content_type": "",
            "expiration_date": null,
            "id": "https://ticketing-app-key-vault.vault.azure.net/secrets/mongo-db-conn-str/ff992924dd3446c0b74b72f87572dbe5",
            "key_vault_id": "/subscriptions/3fca4538-23fa-4853-94bd-604378fbbb2b/resourceGroups/ticketing-rg/providers/Microsoft.KeyVault/vaults/ticketing-app-key-vault",
            "name": "mongo-db-conn-str",
            "not_before_date": null,
            "resource_id": "/subscriptions/3fca4538-23fa-4853-94bd-604378fbbb2b/resourceGroups/ticketing-rg/providers/Microsoft.KeyVault/vaults/ticketing-app-key-vault/secrets/mongo-db-conn-str/versions/ff992924dd3446c0b74b72f87572dbe5",
            "resource_versionless_id": "/subscriptions/3fca4538-23fa-4853-94bd-604378fbbb2b/resourceGroups/ticketing-rg/providers/Microsoft.KeyVault/vaults/ticketing-app-key-vault/secrets/mongo-db-conn-str",
            "tags": null,
            "timeouts": null,
            "value": "mongodb+srv://dbadmin:vaibhav86!@ticketing-app-db-cluster.mongocluster.cosmos.azure.com/?tls=true\u0026authMechanism=SCRAM-SHA-256\u0026retrywrites=false\u0026maxIdleTimeMS=120000",
            "version": "ff992924dd3446c0b74b72f87572dbe5",
            "versionless_id": "https://ticketing-app-key-vault.vault.azure.net/secrets/mongo-db-conn-str"
          },
          "sensitive_attributes": [],
          "private": "eyJlMmJmYjczMC1lY2FhLTExZTYtOGY4OC0zNDM2M2JjN2M0YzAiOnsiY3JlYXRlIjoxODAwMDAwMDAwMDAwLCJkZWxldGUiOjE4MDAwMDAwMDAwMDAsInJlYWQiOjE4MDAwMDAwMDAwMDAsInVwZGF0ZSI6MTgwMDAwMDAwMDAwMH19",
          "dependencies": [
            "azurerm_key_vault.vault",
            "azurerm_resource_group.rg",
            "azurerm_user_assigned_identity.identity",
            "data.azurerm_client_config.current"
          ]
        }
      ]
    },
    {
      "mode": "managed",
      "type": "azurerm_resource_group",
      "name": "rg",
      "provider": "provider[\"registry.terraform.io/hashicorp/azurerm\"]",
      "instances": [
        {
          "schema_version": 0,
          "attributes": {
            "id": "/subscriptions/3fca4538-23fa-4853-94bd-604378fbbb2b/resourceGroups/ticketing-rg",
            "location": "westeurope",
            "managed_by": "",
            "name": "ticketing-rg",
            "tags": null,
            "timeouts": null
          },
          "sensitive_attributes": [],
          "private": "eyJlMmJmYjczMC1lY2FhLTExZTYtOGY4OC0zNDM2M2JjN2M0YzAiOnsiY3JlYXRlIjo1NDAwMDAwMDAwMDAwLCJkZWxldGUiOjU0MDAwMDAwMDAwMDAsInJlYWQiOjMwMDAwMDAwMDAwMCwidXBkYXRlIjo1NDAwMDAwMDAwMDAwfX0="
        }
      ]
    },
    {
      "mode": "managed",
      "type": "azurerm_user_assigned_identity",
      "name": "identity",
      "provider": "provider[\"registry.terraform.io/hashicorp/azurerm\"]",
      "instances": [
        {
          "schema_version": 1,
          "attributes": {
            "client_id": "31b63772-0976-40f3-ae77-e44055c5b1ec",
            "id": "/subscriptions/3fca4538-23fa-4853-94bd-604378fbbb2b/resourceGroups/ticketing-rg/providers/Microsoft.ManagedIdentity/userAssignedIdentities/ticketing-identity",
            "location": "westeurope",
            "name": "ticketing-identity",
            "principal_id": "ebf118f7-48f6-4dd6-b0a3-b35e0b95bdab",
            "resource_group_name": "ticketing-rg",
            "tags": null,
            "tenant_id": "bf0c06c2-6aa7-4abe-9732-ce9b2b3c7264",
            "timeouts": null
          },
          "sensitive_attributes": [],
          "private": "eyJlMmJmYjczMC1lY2FhLTExZTYtOGY4OC0zNDM2M2JjN2M0YzAiOnsiY3JlYXRlIjoxODAwMDAwMDAwMDAwLCJkZWxldGUiOjE4MDAwMDAwMDAwMDAsInJlYWQiOjMwMDAwMDAwMDAwMCwidXBkYXRlIjoxODAwMDAwMDAwMDAwfSwic2NoZW1hX3ZlcnNpb24iOiIxIn0=",
          "dependencies": [
            "azurerm_resource_group.rg"
          ]
        }
      ]
    }
  ],
  "check_results": null
}
