{
  "version": 4,
  "terraform_version": "1.7.5",
  "serial": 18,
  "lineage": "3212a4ad-dae1-809b-de04-a9ba04d3b592",
  "outputs": {},
  "resources": [
    {
      "mode": "data",
      "type": "azurerm_client_config",
      "name": "current",
      "provider": "provider[\"registry.terraform.io/hashicorp/azurerm\"]",
      "instances": [
        {
          "schema_version": 0,
          "attributes": {
            "client_id": "0cb15086-3fbc-4228-8b15-0ed4a10fba62",
            "id": "Y2xpZW50Q29uZmlncy9jbGllbnRJZD0wY2IxNTA4Ni0zZmJjLTQyMjgtOGIxNS0wZWQ0YTEwZmJhNjI7b2JqZWN0SWQ9NzYxMGMwOGQtYzhmNS00MGNmLWJmN2YtZWRjNTY0NjJhZDdkO3N1YnNjcmlwdGlvbklkPTNmY2E0NTM4LTIzZmEtNDg1My05NGJkLTYwNDM3OGZiYmIyYjt0ZW5hbnRJZD1iZjBjMDZjMi02YWE3LTRhYmUtOTczMi1jZTliMmIzYzcyNjQ=",
            "object_id": "7610c08d-c8f5-40cf-bf7f-edc56462ad7d",
            "subscription_id": "3fca4538-23fa-4853-94bd-604378fbbb2b",
            "tenant_id": "bf0c06c2-6aa7-4abe-9732-ce9b2b3c7264",
            "timeouts": null
          },
          "sensitive_attributes": []
        }
      ]
    },
    {
      "mode": "managed",
      "type": "azurerm_container_app_environment",
      "name": "aca_environment",
      "provider": "provider[\"registry.terraform.io/hashicorp/azurerm\"]",
      "instances": [
        {
          "schema_version": 0,
          "attributes": {
            "custom_domain_verification_id": "7D92DFF06932B3A53E456D94DE7F756B4669D5174C235D924C0AE630EFDB2061",
            "dapr_application_insights_connection_string": "",
            "default_domain": "purplemoss-beb0aa8f.eastus.azurecontainerapps.io",
            "docker_bridge_cidr": "",
            "id": "/subscriptions/3fca4538-23fa-4853-94bd-604378fbbb2b/resourceGroups/ticketing-app-rg/providers/Microsoft.App/managedEnvironments/test",
            "infrastructure_resource_group_name": "",
            "infrastructure_subnet_id": "",
            "internal_load_balancer_enabled": false,
            "location": "eastus",
            "log_analytics_workspace_id": "",
            "mutual_tls_enabled": false,
            "name": "test",
            "platform_reserved_cidr": "",
            "platform_reserved_dns_ip_address": "",
            "resource_group_name": "ticketing-app-rg",
            "static_ip_address": "4.156.11.68",
            "tags": null,
            "timeouts": null,
            "workload_profile": [],
            "zone_redundancy_enabled": false
          },
          "sensitive_attributes": [],
          "private": "eyJlMmJmYjczMC1lY2FhLTExZTYtOGY4OC0zNDM2M2JjN2M0YzAiOnsiY3JlYXRlIjoxODAwMDAwMDAwMDAwLCJkZWxldGUiOjE4MDAwMDAwMDAwMDAsInJlYWQiOjMwMDAwMDAwMDAwMCwidXBkYXRlIjoxODAwMDAwMDAwMDAwfX0=",
          "dependencies": [
            "azurerm_resource_group.rg",
            "azurerm_user_assigned_identity.identity"
          ]
        }
      ]
    },
    {
      "mode": "managed",
      "type": "azurerm_resource_group",
      "name": "rg",
      "provider": "provider[\"registry.terraform.io/hashicorp/azurerm\"]",
      "instances": [
        {
          "schema_version": 0,
          "attributes": {
            "id": "/subscriptions/3fca4538-23fa-4853-94bd-604378fbbb2b/resourceGroups/ticketing-app-rg",
            "location": "eastus",
            "managed_by": "",
            "name": "ticketing-app-rg",
            "tags": null,
            "timeouts": null
          },
          "sensitive_attributes": [],
          "private": "eyJlMmJmYjczMC1lY2FhLTExZTYtOGY4OC0zNDM2M2JjN2M0YzAiOnsiY3JlYXRlIjo1NDAwMDAwMDAwMDAwLCJkZWxldGUiOjU0MDAwMDAwMDAwMDAsInJlYWQiOjMwMDAwMDAwMDAwMCwidXBkYXRlIjo1NDAwMDAwMDAwMDAwfX0="
        }
      ]
    },
    {
      "mode": "managed",
      "type": "azurerm_user_assigned_identity",
      "name": "identity",
      "provider": "provider[\"registry.terraform.io/hashicorp/azurerm\"]",
      "instances": [
        {
          "schema_version": 1,
          "attributes": {
            "client_id": "0c5b6c41-0a08-431a-a234-e41a3a77b0c7",
            "id": "/subscriptions/3fca4538-23fa-4853-94bd-604378fbbb2b/resourceGroups/ticketing-app-rg/providers/Microsoft.ManagedIdentity/userAssignedIdentities/ticketing-identity",
            "location": "eastus",
            "name": "ticketing-identity",
            "principal_id": "505bdf26-0291-4899-96a5-128c3ad35a5b",
            "resource_group_name": "ticketing-app-rg",
            "tags": null,
            "tenant_id": "bf0c06c2-6aa7-4abe-9732-ce9b2b3c7264",
            "timeouts": null
          },
          "sensitive_attributes": [],
          "private": "eyJlMmJmYjczMC1lY2FhLTExZTYtOGY4OC0zNDM2M2JjN2M0YzAiOnsiY3JlYXRlIjoxODAwMDAwMDAwMDAwLCJkZWxldGUiOjE4MDAwMDAwMDAwMDAsInJlYWQiOjMwMDAwMDAwMDAwMCwidXBkYXRlIjoxODAwMDAwMDAwMDAwfSwic2NoZW1hX3ZlcnNpb24iOiIxIn0=",
          "dependencies": [
            "azurerm_resource_group.rg"
          ]
        }
      ]
    }
  ],
  "check_results": null
}
